// !$*UTF8*$!
{
	archiveVersion = 1;
	classes = {
	};
	objectVersion = 46;
	objects = {

/* Begin PBXBuildFile section */
		07362F471DECCF0900CFE155 /* GoogleService-Info.plist in Resources */ = {isa = PBXBuildFile; fileRef = 07362F461DECCF0900CFE155 /* GoogleService-Info.plist */; };
		075F2A0F1DF1EF5D00B23390 /* Constants.swift in Sources */ = {isa = PBXBuildFile; fileRef = 075F2A0E1DF1EF5D00B23390 /* Constants.swift */; };
		075F2A111DF1F01000B23390 /* SignInViewController.swift in Sources */ = {isa = PBXBuildFile; fileRef = 075F2A101DF1F01000B23390 /* SignInViewController.swift */; };
		075F2A131DF1F06700B23390 /* TextFieldLayout.swift in Sources */ = {isa = PBXBuildFile; fileRef = 075F2A121DF1F06700B23390 /* TextFieldLayout.swift */; };
		075F2A151DF1F09700B23390 /* DataService.swift in Sources */ = {isa = PBXBuildFile; fileRef = 075F2A141DF1F09700B23390 /* DataService.swift */; };
		075F2A181DF1F89F00B23390 /* SettingsViewController.swift in Sources */ = {isa = PBXBuildFile; fileRef = 075F2A171DF1F89F00B23390 /* SettingsViewController.swift */; };
		075F2A1A1DF207F000B23390 /* GameListTableViewController.swift in Sources */ = {isa = PBXBuildFile; fileRef = 075F2A191DF207F000B23390 /* GameListTableViewController.swift */; };
		075F2A1C1DF2084200B23390 /* GameListCell.swift in Sources */ = {isa = PBXBuildFile; fileRef = 075F2A1B1DF2084200B23390 /* GameListCell.swift */; };
		0765D4661DECC90C00401C78 /* AppDelegate.swift in Sources */ = {isa = PBXBuildFile; fileRef = 0765D4651DECC90C00401C78 /* AppDelegate.swift */; };
		0765D4681DECC90C00401C78 /* ViewController.swift in Sources */ = {isa = PBXBuildFile; fileRef = 0765D4671DECC90C00401C78 /* ViewController.swift */; };
		0765D46B1DECC90C00401C78 /* Main.storyboard in Resources */ = {isa = PBXBuildFile; fileRef = 0765D4691DECC90C00401C78 /* Main.storyboard */; };
		0765D46D1DECC90C00401C78 /* Assets.xcassets in Resources */ = {isa = PBXBuildFile; fileRef = 0765D46C1DECC90C00401C78 /* Assets.xcassets */; };
		0765D4701DECC90C00401C78 /* LaunchScreen.storyboard in Resources */ = {isa = PBXBuildFile; fileRef = 0765D46E1DECC90C00401C78 /* LaunchScreen.storyboard */; };
		07CED4EB1DF74B0B0074B57E /* Game.swift in Sources */ = {isa = PBXBuildFile; fileRef = 07CED4EA1DF74B0B0074B57E /* Game.swift */; };
		AB06B31C4A153A14CE8397B8 /* Pods_uGuessWhere.framework in Frameworks */ = {isa = PBXBuildFile; fileRef = 1B9EA01AEA762CA0778775BE /* Pods_uGuessWhere.framework */; };
/* End PBXBuildFile section */

/* Begin PBXFileReference section */
		07362F461DECCF0900CFE155 /* GoogleService-Info.plist */ = {isa = PBXFileReference; fileEncoding = 4; lastKnownFileType = text.plist.xml; path = "GoogleService-Info.plist"; sourceTree = "<group>"; };
		075F2A0E1DF1EF5D00B23390 /* Constants.swift */ = {isa = PBXFileReference; fileEncoding = 4; lastKnownFileType = sourcecode.swift; path = Constants.swift; sourceTree = "<group>"; };
		075F2A101DF1F01000B23390 /* SignInViewController.swift */ = {isa = PBXFileReference; fileEncoding = 4; lastKnownFileType = sourcecode.swift; path = SignInViewController.swift; sourceTree = "<group>"; };
		075F2A121DF1F06700B23390 /* TextFieldLayout.swift */ = {isa = PBXFileReference; fileEncoding = 4; lastKnownFileType = sourcecode.swift; path = TextFieldLayout.swift; sourceTree = "<group>"; };
		075F2A141DF1F09700B23390 /* DataService.swift */ = {isa = PBXFileReference; fileEncoding = 4; lastKnownFileType = sourcecode.swift; path = DataService.swift; sourceTree = "<group>"; };
		075F2A161DF1F2D400B23390 /* uGuessWhere.entitlements */ = {isa = PBXFileReference; lastKnownFileType = text.plist.entitlements; path = uGuessWhere.entitlements; sourceTree = "<group>"; };
		075F2A171DF1F89F00B23390 /* SettingsViewController.swift */ = {isa = PBXFileReference; fileEncoding = 4; lastKnownFileType = sourcecode.swift; path = SettingsViewController.swift; sourceTree = "<group>"; };
		075F2A191DF207F000B23390 /* GameListTableViewController.swift */ = {isa = PBXFileReference; fileEncoding = 4; lastKnownFileType = sourcecode.swift; path = GameListTableViewController.swift; sourceTree = "<group>"; };
		075F2A1B1DF2084200B23390 /* GameListCell.swift */ = {isa = PBXFileReference; fileEncoding = 4; lastKnownFileType = sourcecode.swift; path = GameListCell.swift; sourceTree = "<group>"; };
		0765D4621DECC90C00401C78 /* uGuessWhere.app */ = {isa = PBXFileReference; explicitFileType = wrapper.application; includeInIndex = 0; path = uGuessWhere.app; sourceTree = BUILT_PRODUCTS_DIR; };
		0765D4651DECC90C00401C78 /* AppDelegate.swift */ = {isa = PBXFileReference; lastKnownFileType = sourcecode.swift; path = AppDelegate.swift; sourceTree = "<group>"; };
		0765D4671DECC90C00401C78 /* ViewController.swift */ = {isa = PBXFileReference; lastKnownFileType = sourcecode.swift; path = ViewController.swift; sourceTree = "<group>"; };
		0765D46A1DECC90C00401C78 /* Base */ = {isa = PBXFileReference; lastKnownFileType = file.storyboard; name = Base; path = Base.lproj/Main.storyboard; sourceTree = "<group>"; };
		0765D46C1DECC90C00401C78 /* Assets.xcassets */ = {isa = PBXFileReference; lastKnownFileType = folder.assetcatalog; path = Assets.xcassets; sourceTree = "<group>"; };
		0765D46F1DECC90C00401C78 /* Base */ = {isa = PBXFileReference; lastKnownFileType = file.storyboard; name = Base; path = Base.lproj/LaunchScreen.storyboard; sourceTree = "<group>"; };
		0765D4711DECC90C00401C78 /* Info.plist */ = {isa = PBXFileReference; lastKnownFileType = text.plist.xml; path = Info.plist; sourceTree = "<group>"; };
		07CED4EA1DF74B0B0074B57E /* Game.swift */ = {isa = PBXFileReference; fileEncoding = 4; lastKnownFileType = sourcecode.swift; path = Game.swift; sourceTree = "<group>"; };
		140FACFC7D0EA21EFA4A0E38 /* Pods-uGuessWhere.debug.xcconfig */ = {isa = PBXFileReference; includeInIndex = 1; lastKnownFileType = text.xcconfig; name = "Pods-uGuessWhere.debug.xcconfig"; path = "Pods/Target Support Files/Pods-uGuessWhere/Pods-uGuessWhere.debug.xcconfig"; sourceTree = "<group>"; };
		1B9EA01AEA762CA0778775BE /* Pods_uGuessWhere.framework */ = {isa = PBXFileReference; explicitFileType = wrapper.framework; includeInIndex = 0; path = Pods_uGuessWhere.framework; sourceTree = BUILT_PRODUCTS_DIR; };
		36ECE7A595891217F61FBA2C /* Pods-uGuessWhere.release.xcconfig */ = {isa = PBXFileReference; includeInIndex = 1; lastKnownFileType = text.xcconfig; name = "Pods-uGuessWhere.release.xcconfig"; path = "Pods/Target Support Files/Pods-uGuessWhere/Pods-uGuessWhere.release.xcconfig"; sourceTree = "<group>"; };
/* End PBXFileReference section */

/* Begin PBXFrameworksBuildPhase section */
		0765D45F1DECC90B00401C78 /* Frameworks */ = {
			isa = PBXFrameworksBuildPhase;
			buildActionMask = 2147483647;
			files = (
				AB06B31C4A153A14CE8397B8 /* Pods_uGuessWhere.framework in Frameworks */,
			);
			runOnlyForDeploymentPostprocessing = 0;
		};
/* End PBXFrameworksBuildPhase section */

/* Begin PBXGroup section */
		07362F421DECCCFD00CFE155 /* Views */ = {
			isa = PBXGroup;
			children = (
				0765D46E1DECC90C00401C78 /* LaunchScreen.storyboard */,
				0765D4691DECC90C00401C78 /* Main.storyboard */,
				075F2A1B1DF2084200B23390 /* GameListCell.swift */,
			);
			name = Views;
			sourceTree = "<group>";
		};
		07362F431DECCD1500CFE155 /* Controllers */ = {
			isa = PBXGroup;
			children = (
				075F2A101DF1F01000B23390 /* SignInViewController.swift */,
				075F2A121DF1F06700B23390 /* TextFieldLayout.swift */,
				0765D4671DECC90C00401C78 /* ViewController.swift */,
				075F2A171DF1F89F00B23390 /* SettingsViewController.swift */,
				075F2A191DF207F000B23390 /* GameListTableViewController.swift */,
			);
			name = Controllers;
			sourceTree = "<group>";
		};
		07362F441DECCD2700CFE155 /* Models */ = {
			isa = PBXGroup;
			children = (
				07CED4EA1DF74B0B0074B57E /* Game.swift */,
			);
			name = Models;
			sourceTree = "<group>";
		};
		07362F451DECCD2F00CFE155 /* Services */ = {
			isa = PBXGroup;
			children = (
				0765D4651DECC90C00401C78 /* AppDelegate.swift */,
				075F2A141DF1F09700B23390 /* DataService.swift */,
				075F2A0E1DF1EF5D00B23390 /* Constants.swift */,
			);
			name = Services;
			sourceTree = "<group>";
		};
		0765D4591DECC90B00401C78 = {
			isa = PBXGroup;
			children = (
				0765D4641DECC90C00401C78 /* uGuessWhere */,
				0765D4631DECC90C00401C78 /* Products */,
				61B9D9EB1584811D28116E8F /* Pods */,
				AAD5D4B2D4366432D2B929AF /* Frameworks */,
			);
			sourceTree = "<group>";
		};
		0765D4631DECC90C00401C78 /* Products */ = {
			isa = PBXGroup;
			children = (
				0765D4621DECC90C00401C78 /* uGuessWhere.app */,
			);
			name = Products;
			sourceTree = "<group>";
		};
		0765D4641DECC90C00401C78 /* uGuessWhere */ = {
			isa = PBXGroup;
			children = (
				075F2A161DF1F2D400B23390 /* uGuessWhere.entitlements */,
				07362F451DECCD2F00CFE155 /* Services */,
				07362F441DECCD2700CFE155 /* Models */,
				07362F431DECCD1500CFE155 /* Controllers */,
				07362F421DECCCFD00CFE155 /* Views */,
				0765D46C1DECC90C00401C78 /* Assets.xcassets */,
				0765D4711DECC90C00401C78 /* Info.plist */,
				07362F461DECCF0900CFE155 /* GoogleService-Info.plist */,
			);
			path = uGuessWhere;
			sourceTree = "<group>";
		};
		61B9D9EB1584811D28116E8F /* Pods */ = {
			isa = PBXGroup;
			children = (
				140FACFC7D0EA21EFA4A0E38 /* Pods-uGuessWhere.debug.xcconfig */,
				36ECE7A595891217F61FBA2C /* Pods-uGuessWhere.release.xcconfig */,
			);
			name = Pods;
			sourceTree = "<group>";
		};
		AAD5D4B2D4366432D2B929AF /* Frameworks */ = {
			isa = PBXGroup;
			children = (
				1B9EA01AEA762CA0778775BE /* Pods_uGuessWhere.framework */,
			);
			name = Frameworks;
			sourceTree = "<group>";
		};
/* End PBXGroup section */

/* Begin PBXNativeTarget section */
		0765D4611DECC90B00401C78 /* uGuessWhere */ = {
			isa = PBXNativeTarget;
			buildConfigurationList = 0765D4741DECC90C00401C78 /* Build configuration list for PBXNativeTarget "uGuessWhere" */;
			buildPhases = (
				4C94AEA9C00CAD2F82EEB9A6 /* [CP] Check Pods Manifest.lock */,
				0765D45E1DECC90B00401C78 /* Sources */,
				0765D45F1DECC90B00401C78 /* Frameworks */,
				0765D4601DECC90B00401C78 /* Resources */,
				F7ADCD2E8A495DF90906F040 /* [CP] Embed Pods Frameworks */,
				84DFA49D5FC61412FE1E43DF /* [CP] Copy Pods Resources */,
			);
			buildRules = (
			);
			dependencies = (
			);
			name = uGuessWhere;
			productName = uGuessWhere;
			productReference = 0765D4621DECC90C00401C78 /* uGuessWhere.app */;
			productType = "com.apple.product-type.application";
		};
/* End PBXNativeTarget section */

/* Begin PBXProject section */
		0765D45A1DECC90B00401C78 /* Project object */ = {
			isa = PBXProject;
			attributes = {
				LastSwiftUpdateCheck = 0800;
				LastUpgradeCheck = 0800;
				ORGANIZATIONNAME = "Eric Torigian";
				TargetAttributes = {
					0765D4611DECC90B00401C78 = {
						CreatedOnToolsVersion = 8.0;
						DevelopmentTeam = C57K6822B6;
						LastSwiftMigration = 0800;
						ProvisioningStyle = Automatic;
						SystemCapabilities = {
							com.apple.Keychain = {
								enabled = 1;
							};
						};
					};
				};
			};
			buildConfigurationList = 0765D45D1DECC90B00401C78 /* Build configuration list for PBXProject "uGuessWhere" */;
			compatibilityVersion = "Xcode 3.2";
			developmentRegion = English;
			hasScannedForEncodings = 0;
			knownRegions = (
				en,
				Base,
			);
			mainGroup = 0765D4591DECC90B00401C78;
			productRefGroup = 0765D4631DECC90C00401C78 /* Products */;
			projectDirPath = "";
			projectRoot = "";
			targets = (
				0765D4611DECC90B00401C78 /* uGuessWhere */,
			);
		};
/* End PBXProject section */

/* Begin PBXResourcesBuildPhase section */
		0765D4601DECC90B00401C78 /* Resources */ = {
			isa = PBXResourcesBuildPhase;
			buildActionMask = 2147483647;
			files = (
				0765D4701DECC90C00401C78 /* LaunchScreen.storyboard in Resources */,
				07362F471DECCF0900CFE155 /* GoogleService-Info.plist in Resources */,
				0765D46D1DECC90C00401C78 /* Assets.xcassets in Resources */,
				0765D46B1DECC90C00401C78 /* Main.storyboard in Resources */,
			);
			runOnlyForDeploymentPostprocessing = 0;
		};
/* End PBXResourcesBuildPhase section */

/* Begin PBXShellScriptBuildPhase section */
		4C94AEA9C00CAD2F82EEB9A6 /* [CP] Check Pods Manifest.lock */ = {
			isa = PBXShellScriptBuildPhase;
			buildActionMask = 2147483647;
			files = (
			);
			inputPaths = (
			);
			name = "[CP] Check Pods Manifest.lock";
			outputPaths = (
			);
			runOnlyForDeploymentPostprocessing = 0;
			shellPath = /bin/sh;
			shellScript = "diff \"${PODS_ROOT}/../Podfile.lock\" \"${PODS_ROOT}/Manifest.lock\" > /dev/null\nif [[ $? != 0 ]] ; then\n    cat << EOM\nerror: The sandbox is not in sync with the Podfile.lock. Run 'pod install' or update your CocoaPods installation.\nEOM\n    exit 1\nfi\n";
			showEnvVarsInLog = 0;
		};
		84DFA49D5FC61412FE1E43DF /* [CP] Copy Pods Resources */ = {
			isa = PBXShellScriptBuildPhase;
			buildActionMask = 2147483647;
			files = (
			);
			inputPaths = (
			);
			name = "[CP] Copy Pods Resources";
			outputPaths = (
			);
			runOnlyForDeploymentPostprocessing = 0;
			shellPath = /bin/sh;
			shellScript = "\"${SRCROOT}/Pods/Target Support Files/Pods-uGuessWhere/Pods-uGuessWhere-resources.sh\"\n";
			showEnvVarsInLog = 0;
		};
		F7ADCD2E8A495DF90906F040 /* [CP] Embed Pods Frameworks */ = {
			isa = PBXShellScriptBuildPhase;
			buildActionMask = 2147483647;
			files = (
			);
			inputPaths = (
			);
			name = "[CP] Embed Pods Frameworks";
			outputPaths = (
			);
			runOnlyForDeploymentPostprocessing = 0;
			shellPath = /bin/sh;
			shellScript = "\"${SRCROOT}/Pods/Target Support Files/Pods-uGuessWhere/Pods-uGuessWhere-frameworks.sh\"\n";
			showEnvVarsInLog = 0;
		};
/* End PBXShellScriptBuildPhase section */

/* Begin PBXSourcesBuildPhase section */
		0765D45E1DECC90B00401C78 /* Sources */ = {
			isa = PBXSourcesBuildPhase;
			buildActionMask = 2147483647;
			files = (
				075F2A111DF1F01000B23390 /* SignInViewController.swift in Sources */,
				07CED4EB1DF74B0B0074B57E /* Game.swift in Sources */,
				0765D4681DECC90C00401C78 /* ViewController.swift in Sources */,
				075F2A181DF1F89F00B23390 /* SettingsViewController.swift in Sources */,
				075F2A1A1DF207F000B23390 /* GameListTableViewController.swift in Sources */,
				0765D4661DECC90C00401C78 /* AppDelegate.swift in Sources */,
				075F2A151DF1F09700B23390 /* DataService.swift in Sources */,
				075F2A131DF1F06700B23390 /* TextFieldLayout.swift in Sources */,
				075F2A1C1DF2084200B23390 /* GameListCell.swift in Sources */,
				075F2A0F1DF1EF5D00B23390 /* Constants.swift in Sources */,
			);
			runOnlyForDeploymentPostprocessing = 0;
		};
/* End PBXSourcesBuildPhase section */

/* Begin PBXVariantGroup section */
		0765D4691DECC90C00401C78 /* Main.storyboard */ = {
			isa = PBXVariantGroup;
			children = (
				0765D46A1DECC90C00401C78 /* Base */,
			);
			name = Main.storyboard;
			sourceTree = "<group>";
		};
		0765D46E1DECC90C00401C78 /* LaunchScreen.storyboard */ = {
			isa = PBXVariantGroup;
			children = (
				0765D46F1DECC90C00401C78 /* Base */,
			);
			name = LaunchScreen.storyboard;
			sourceTree = "<group>";
		};
/* End PBXVariantGroup section */

/* Begin XCBuildConfiguration section */
		0765D4721DECC90C00401C78 /* Debug */ = {
			isa = XCBuildConfiguration;
			buildSettings = {
				ALWAYS_SEARCH_USER_PATHS = NO;
				CLANG_ANALYZER_NONNULL = YES;
				CLANG_CXX_LANGUAGE_STANDARD = "gnu++0x";
				CLANG_CXX_LIBRARY = "libc++";
				CLANG_ENABLE_MODULES = YES;
				CLANG_ENABLE_OBJC_ARC = YES;
				CLANG_WARN_BOOL_CONVERSION = YES;
				CLANG_WARN_CONSTANT_CONVERSION = YES;
				CLANG_WARN_DIRECT_OBJC_ISA_USAGE = YES_ERROR;
				CLANG_WARN_DOCUMENTATION_COMMENTS = YES;
				CLANG_WARN_EMPTY_BODY = YES;
				CLANG_WARN_ENUM_CONVERSION = YES;
				CLANG_WARN_INFINITE_RECURSION = YES;
				CLANG_WARN_INT_CONVERSION = YES;
				CLANG_WARN_OBJC_ROOT_CLASS = YES_ERROR;
				CLANG_WARN_SUSPICIOUS_MOVE = YES;
				CLANG_WARN_SUSPICIOUS_MOVES = YES;
				CLANG_WARN_UNREACHABLE_CODE = YES;
				CLANG_WARN__DUPLICATE_METHOD_MATCH = YES;
				"CODE_SIGN_IDENTITY[sdk=iphoneos*]" = "iPhone Developer";
				COPY_PHASE_STRIP = NO;
				DEBUG_INFORMATION_FORMAT = dwarf;
				ENABLE_STRICT_OBJC_MSGSEND = YES;
				ENABLE_TESTABILITY = YES;
				GCC_C_LANGUAGE_STANDARD = gnu99;
				GCC_DYNAMIC_NO_PIC = NO;
				GCC_NO_COMMON_BLOCKS = YES;
				GCC_OPTIMIZATION_LEVEL = 0;
				GCC_PREPROCESSOR_DEFINITIONS = (
					"DEBUG=1",
					"$(inherited)",
				);
				GCC_WARN_64_TO_32_BIT_CONVERSION = YES;
				GCC_WARN_ABOUT_RETURN_TYPE = YES_ERROR;
				GCC_WARN_UNDECLARED_SELECTOR = YES;
				GCC_WARN_UNINITIALIZED_AUTOS = YES_AGGRESSIVE;
				GCC_WARN_UNUSED_FUNCTION = YES;
				GCC_WARN_UNUSED_VARIABLE = YES;
				IPHONEOS_DEPLOYMENT_TARGET = 10.0;
				MTL_ENABLE_DEBUG_INFO = YES;
				ONLY_ACTIVE_ARCH = YES;
				SDKROOT = iphoneos;
				SWIFT_ACTIVE_COMPILATION_CONDITIONS = DEBUG;
				SWIFT_OPTIMIZATION_LEVEL = "-Onone";
				TARGETED_DEVICE_FAMILY = "1,2";
			};
			name = Debug;
		};
		0765D4731DECC90C00401C78 /* Release */ = {
			isa = XCBuildConfiguration;
			buildSettings = {
				ALWAYS_SEARCH_USER_PATHS = NO;
				CLANG_ANALYZER_NONNULL = YES;
				CLANG_CXX_LANGUAGE_STANDARD = "gnu++0x";
				CLANG_CXX_LIBRARY = "libc++";
				CLANG_ENABLE_MODULES = YES;
				CLANG_ENABLE_OBJC_ARC = YES;
				CLANG_WARN_BOOL_CONVERSION = YES;
				CLANG_WARN_CONSTANT_CONVERSION = YES;
				CLANG_WARN_DIRECT_OBJC_ISA_USAGE = YES_ERROR;
				CLANG_WARN_DOCUMENTATION_COMMENTS = YES;
				CLANG_WARN_EMPTY_BODY = YES;
				CLANG_WARN_ENUM_CONVERSION = YES;
				CLANG_WARN_INFINITE_RECURSION = YES;
				CLANG_WARN_INT_CONVERSION = YES;
				CLANG_WARN_OBJC_ROOT_CLASS = YES_ERROR;
				CLANG_WARN_SUSPICIOUS_MOVE = YES;
				CLANG_WARN_SUSPICIOUS_MOVES = YES;
				CLANG_WARN_UNREACHABLE_CODE = YES;
				CLANG_WARN__DUPLICATE_METHOD_MATCH = YES;
				"CODE_SIGN_IDENTITY[sdk=iphoneos*]" = "iPhone Developer";
				COPY_PHASE_STRIP = NO;
				DEBUG_INFORMATION_FORMAT = "dwarf-with-dsym";
				ENABLE_NS_ASSERTIONS = NO;
				ENABLE_STRICT_OBJC_MSGSEND = YES;
				GCC_C_LANGUAGE_STANDARD = gnu99;
				GCC_NO_COMMON_BLOCKS = YES;
				GCC_WARN_64_TO_32_BIT_CONVERSION = YES;
				GCC_WARN_ABOUT_RETURN_TYPE = YES_ERROR;
				GCC_WARN_UNDECLARED_SELECTOR = YES;
				GCC_WARN_UNINITIALIZED_AUTOS = YES_AGGRESSIVE;
				GCC_WARN_UNUSED_FUNCTION = YES;
				GCC_WARN_UNUSED_VARIABLE = YES;
				IPHONEOS_DEPLOYMENT_TARGET = 10.0;
				MTL_ENABLE_DEBUG_INFO = NO;
				SDKROOT = iphoneos;
				SWIFT_OPTIMIZATION_LEVEL = "-Owholemodule";
				TARGETED_DEVICE_FAMILY = "1,2";
				VALIDATE_PRODUCT = YES;
			};
			name = Release;
		};
		0765D4751DECC90C00401C78 /* Debug */ = {
			isa = XCBuildConfiguration;
			baseConfigurationReference = 140FACFC7D0EA21EFA4A0E38 /* Pods-uGuessWhere.debug.xcconfig */;
			buildSettings = {
				ALWAYS_EMBED_SWIFT_STANDARD_LIBRARIES = YES;
				ASSETCATALOG_COMPILER_APPICON_NAME = "AppIcon-1";
				CODE_SIGN_ENTITLEMENTS = uGuessWhere/uGuessWhere.entitlements;
				DEVELOPMENT_TEAM = C57K6822B6;
				INFOPLIST_FILE = uGuessWhere/Info.plist;
				LD_RUNPATH_SEARCH_PATHS = "$(inherited) @executable_path/Frameworks";
				PRODUCT_BUNDLE_IDENTIFIER = com.torigian.uGuessWhere;
				PRODUCT_NAME = "$(TARGET_NAME)";
				SWIFT_VERSION = 3.0;
			};
			name = Debug;
		};
		0765D4761DECC90C00401C78 /* Release */ = {
			isa = XCBuildConfiguration;
			baseConfigurationReference = 36ECE7A595891217F61FBA2C /* Pods-uGuessWhere.release.xcconfig */;
			buildSettings = {
				ALWAYS_EMBED_SWIFT_STANDARD_LIBRARIES = YES;
				ASSETCATALOG_COMPILER_APPICON_NAME = "AppIcon-1";
				CODE_SIGN_ENTITLEMENTS = uGuessWhere/uGuessWhere.entitlements;
				DEVELOPMENT_TEAM = C57K6822B6;
				INFOPLIST_FILE = uGuessWhere/Info.plist;
				LD_RUNPATH_SEARCH_PATHS = "$(inherited) @executable_path/Frameworks";
				PRODUCT_BUNDLE_IDENTIFIER = com.torigian.uGuessWhere;
				PRODUCT_NAME = "$(TARGET_NAME)";
				SWIFT_VERSION = 3.0;
			};
			name = Release;
		};
/* End XCBuildConfiguration section */

/* Begin XCConfigurationList section */
		0765D45D1DECC90B00401C78 /* Build configuration list for PBXProject "uGuessWhere" */ = {
			isa = XCConfigurationList;
			buildConfigurations = (
				0765D4721DECC90C00401C78 /* Debug */,
				0765D4731DECC90C00401C78 /* Release */,
			);
			defaultConfigurationIsVisible = 0;
			defaultConfigurationName = Release;
		};
		0765D4741DECC90C00401C78 /* Build configuration list for PBXNativeTarget "uGuessWhere" */ = {
			isa = XCConfigurationList;
			buildConfigurations = (
				0765D4751DECC90C00401C78 /* Debug */,
				0765D4761DECC90C00401C78 /* Release */,
			);
			defaultConfigurationIsVisible = 0;
			defaultConfigurationName = Release;
		};
/* End XCConfigurationList section */
	};
	rootObject = 0765D45A1DECC90B00401C78 /* Project object */;
}
